// !$*UTF8*$!
{
	archiveVersion = 1;
	classes = {
	};
	objectVersion = 46;
	objects = {

/* Begin PBXBuildFile section */
		049FBDCD4FEE2CDA4412793F /* Pods_InThreeTests.framework in Frameworks */ = {isa = PBXBuildFile; fileRef = 40946F1B9BFDE195451E928F /* Pods_InThreeTests.framework */; };
		5ADCC3EA681CE6951324CD4B /* Pods_InThreeUITests.framework in Frameworks */ = {isa = PBXBuildFile; fileRef = BF781159264C6DBCC003C090 /* Pods_InThreeUITests.framework */; };
		EC05C7611EA4570D0031864A /* Rhythm.swift in Sources */ = {isa = PBXBuildFile; fileRef = EC05C7601EA4570D0031864A /* Rhythm.swift */; };
		EC05C7631EA45AC20031864A /* Score.swift in Sources */ = {isa = PBXBuildFile; fileRef = EC05C7621EA45AC20031864A /* Score.swift */; };
		EC05C7651EA460400031864A /* Beat.swift in Sources */ = {isa = PBXBuildFile; fileRef = EC05C7641EA460400031864A /* Beat.swift */; };
		EC05C7671EA463A20031864A /* Note.swift in Sources */ = {isa = PBXBuildFile; fileRef = EC05C7661EA463A20031864A /* Note.swift */; };
		EC44720F1EC27673009EB271 /* BlipLabel.swift in Sources */ = {isa = PBXBuildFile; fileRef = EC44720E1EC27673009EB271 /* BlipLabel.swift */; };
		EC4472111EC27757009EB271 /* BlipButton.swift in Sources */ = {isa = PBXBuildFile; fileRef = EC4472101EC27757009EB271 /* BlipButton.swift */; };
		EC4472171EC2ABE9009EB271 /* timeburnernormal.ttf in Resources */ = {isa = PBXBuildFile; fileRef = EC4472161EC2ABE9009EB271 /* timeburnernormal.ttf */; };
		EC4472191EC2AD00009EB271 /* timeburnerbold.ttf in Resources */ = {isa = PBXBuildFile; fileRef = EC4472181EC2AD00009EB271 /* timeburnerbold.ttf */; };
		EC4BD1DD1EA29ECC0076B4D0 /* AppDelegate.swift in Sources */ = {isa = PBXBuildFile; fileRef = EC4BD1DC1EA29ECC0076B4D0 /* AppDelegate.swift */; };
		EC4BD1E41EA29ECC0076B4D0 /* Assets.xcassets in Resources */ = {isa = PBXBuildFile; fileRef = EC4BD1E31EA29ECC0076B4D0 /* Assets.xcassets */; };
		EC4BD1E71EA29ECC0076B4D0 /* LaunchScreen.storyboard in Resources */ = {isa = PBXBuildFile; fileRef = EC4BD1E51EA29ECC0076B4D0 /* LaunchScreen.storyboard */; };
		EC4BD1F21EA29ECC0076B4D0 /* InThreeTests.swift in Sources */ = {isa = PBXBuildFile; fileRef = EC4BD1F11EA29ECC0076B4D0 /* InThreeTests.swift */; };
		EC4BD1FD1EA29ECC0076B4D0 /* InThreeUITests.swift in Sources */ = {isa = PBXBuildFile; fileRef = EC4BD1FC1EA29ECC0076B4D0 /* InThreeUITests.swift */; };
		EC4BD2101EA2A6B40076B4D0 /* PadView.swift in Sources */ = {isa = PBXBuildFile; fileRef = EC4BD20F1EA2A6B40076B4D0 /* PadView.swift */; };
		EC4BD2141EA2C7F30076B4D0 /* BeatView.swift in Sources */ = {isa = PBXBuildFile; fileRef = EC4BD2131EA2C7F30076B4D0 /* BeatView.swift */; };
		EC4BD2171EA2D2CB0076B4D0 /* UIColorExtenstion.swift in Sources */ = {isa = PBXBuildFile; fileRef = EC4BD2161EA2D2CB0076B4D0 /* UIColorExtenstion.swift */; };
		EC4BD2191EA2EEBE0076B4D0 /* SequencerVC.swift in Sources */ = {isa = PBXBuildFile; fileRef = EC4BD2181EA2EEBE0076B4D0 /* SequencerVC.swift */; };
		EC5B3F9D1EB0DB0000410BD2 /* GoogleService-Info.plist in Resources */ = {isa = PBXBuildFile; fileRef = EC5B3F9C1EB0DB0000410BD2 /* GoogleService-Info.plist */; };
		EC5B3FA11EB0E04E00410BD2 /* FirebaseResponse.swift in Sources */ = {isa = PBXBuildFile; fileRef = EC5B3FA01EB0E04E00410BD2 /* FirebaseResponse.swift */; };
		EC5B3FA31EB0E25000410BD2 /* BlipUser.swift in Sources */ = {isa = PBXBuildFile; fileRef = EC5B3FA21EB0E25000410BD2 /* BlipUser.swift */; };
		EC5B3FA51EB0E31100410BD2 /* FirebaseManager.swift in Sources */ = {isa = PBXBuildFile; fileRef = EC5B3FA41EB0E31100410BD2 /* FirebaseManager.swift */; };
		EC5B3FA71EB0E81100410BD2 /* AppController.swift in Sources */ = {isa = PBXBuildFile; fileRef = EC5B3FA61EB0E81100410BD2 /* AppController.swift */; };
		EC5B3FA91EB0E92100410BD2 /* LoginVC.swift in Sources */ = {isa = PBXBuildFile; fileRef = EC5B3FA81EB0E92100410BD2 /* LoginVC.swift */; };
		EC5B3FAB1EB0E9E000410BD2 /* DashboardVC.swift in Sources */ = {isa = PBXBuildFile; fileRef = EC5B3FAA1EB0E9E000410BD2 /* DashboardVC.swift */; };
		EC5B3FAD1EB0EDFE00410BD2 /* DashboardNavC.swift in Sources */ = {isa = PBXBuildFile; fileRef = EC5B3FAC1EB0EDFE00410BD2 /* DashboardNavC.swift */; };
		EC5B3FAF1EB0EEB100410BD2 /* LoginNavC.swift in Sources */ = {isa = PBXBuildFile; fileRef = EC5B3FAE1EB0EEB100410BD2 /* LoginNavC.swift */; };
		EC5B3FB11EB0EF9500410BD2 /* LoginView.swift in Sources */ = {isa = PBXBuildFile; fileRef = EC5B3FB01EB0EF9500410BD2 /* LoginView.swift */; };
		EC5B3FB31EB0FF3800410BD2 /* CreateUserVC.swift in Sources */ = {isa = PBXBuildFile; fileRef = EC5B3FB21EB0FF3800410BD2 /* CreateUserVC.swift */; };
		EC5B3FB51EB0FF6300410BD2 /* CreateUserView.swift in Sources */ = {isa = PBXBuildFile; fileRef = EC5B3FB41EB0FF6300410BD2 /* CreateUserView.swift */; };
		EC5B3FBC1EB10A9000410BD2 /* BlipBloopView.swift in Sources */ = {isa = PBXBuildFile; fileRef = EC5B3FBB1EB10A9000410BD2 /* BlipBloopView.swift */; };
		EC5B3FBE1EB13A6700410BD2 /* UIVCExtension.swift in Sources */ = {isa = PBXBuildFile; fileRef = EC5B3FBD1EB13A6700410BD2 /* UIVCExtension.swift */; };
		EC5B3FC01EB13EE800410BD2 /* DashboardView.swift in Sources */ = {isa = PBXBuildFile; fileRef = EC5B3FBF1EB13EE800410BD2 /* DashboardView.swift */; };
		EC74C8A31EC1088B00666BDF /* PartySequencerVC.swift in Sources */ = {isa = PBXBuildFile; fileRef = EC74C8A21EC1088B00666BDF /* PartySequencerVC.swift */; };
		EC74C8A51EC10A8900666BDF /* CitySequencerVC.swift in Sources */ = {isa = PBXBuildFile; fileRef = EC74C8A41EC10A8900666BDF /* CitySequencerVC.swift */; };
		EC74C8AB1EC1228E00666BDF /* LightTrigger.swift in Sources */ = {isa = PBXBuildFile; fileRef = EC74C8AA1EC1228E00666BDF /* LightTrigger.swift */; };
		EC7C14661EB67D52009FACDA /* BlipUserCell.swift in Sources */ = {isa = PBXBuildFile; fileRef = EC7C14651EB67D51009FACDA /* BlipUserCell.swift */; };
		EC7C14681EB780FF009FACDA /* SequencerMode.swift in Sources */ = {isa = PBXBuildFile; fileRef = EC7C14671EB780FF009FACDA /* SequencerMode.swift */; };
		EC7FEDEE1EAE59CF00E50A62 /* ColorSchemeModel.swift in Sources */ = {isa = PBXBuildFile; fileRef = EC7FEDED1EAE59CF00E50A62 /* ColorSchemeModel.swift */; };
		EC7FEDF01EAE65D500E50A62 /* NoteButton.swift in Sources */ = {isa = PBXBuildFile; fileRef = EC7FEDEF1EAE65D500E50A62 /* NoteButton.swift */; };
		EC9028B21EC35FB200027FCE /* Party.swift in Sources */ = {isa = PBXBuildFile; fileRef = EC9028B11EC35FB200027FCE /* Party.swift */; };
		EC9028B41EC398B100027FCE /* ForgotPasswordView.swift in Sources */ = {isa = PBXBuildFile; fileRef = EC9028B31EC398B100027FCE /* ForgotPasswordView.swift */; };
		EC9028B61EC398D000027FCE /* ForgotPasswordVC.swift in Sources */ = {isa = PBXBuildFile; fileRef = EC9028B51EC398D000027FCE /* ForgotPasswordVC.swift */; };
		EC9559761EA59EFB008FA5FA /* SequencerView.swift in Sources */ = {isa = PBXBuildFile; fileRef = EC9559751EA59EFB008FA5FA /* SequencerView.swift */; };
		ECA6D4A71EB914AB008A027B /* ScoreIndex.swift in Sources */ = {isa = PBXBuildFile; fileRef = ECA6D4A61EB914AB008A027B /* ScoreIndex.swift */; };
		ECAE16EE1EA6FCD10013696C /* KeyboardView.xib in Resources */ = {isa = PBXBuildFile; fileRef = ECAE16ED1EA6FCD10013696C /* KeyboardView.xib */; };
		ECAE16F01EA6FD210013696C /* KeyboardView.swift in Sources */ = {isa = PBXBuildFile; fileRef = ECAE16EF1EA6FD210013696C /* KeyboardView.swift */; };
		ECB181661EB2424E0025F017 /* MultipeerManager.swift in Sources */ = {isa = PBXBuildFile; fileRef = ECB181651EB2424E0025F017 /* MultipeerManager.swift */; };
		ECB181681EB245BD0025F017 /* LocalPeerView.swift in Sources */ = {isa = PBXBuildFile; fileRef = ECB181671EB245BD0025F017 /* LocalPeerView.swift */; };
		ECB1816A1EB245DB0025F017 /* LocalPeerVC.swift in Sources */ = {isa = PBXBuildFile; fileRef = ECB181691EB245DB0025F017 /* LocalPeerVC.swift */; };
		ECCE22F41EA84C95006691D8 /* CircleOfFifthsView.xib in Resources */ = {isa = PBXBuildFile; fileRef = ECCE22F31EA84C95006691D8 /* CircleOfFifthsView.xib */; };
		ECCE22F61EA84E28006691D8 /* CircleOfFifthsView.swift in Sources */ = {isa = PBXBuildFile; fileRef = ECCE22F51EA84E28006691D8 /* CircleOfFifthsView.swift */; };
		ECF32BB41EC3EAE500135EEB /* BlipTextField.swift in Sources */ = {isa = PBXBuildFile; fileRef = ECF32BB31EC3EAE500135EEB /* BlipTextField.swift */; };
		ECF32BB61EC3F17900135EEB /* ResetNavController.swift in Sources */ = {isa = PBXBuildFile; fileRef = ECF32BB51EC3F17900135EEB /* ResetNavController.swift */; };
		ECF32BB81EC4A35000135EEB /* Pixeled.ttf in Resources */ = {isa = PBXBuildFile; fileRef = ECF32BB71EC4A35000135EEB /* Pixeled.ttf */; };
		ECF32BBC1EC4E82B00135EEB /* UserAlert.swift in Sources */ = {isa = PBXBuildFile; fileRef = ECF32BBB1EC4E82B00135EEB /* UserAlert.swift */; };
		ECF32BBE1EC4FE2600135EEB /* CreditsView.swift in Sources */ = {isa = PBXBuildFile; fileRef = ECF32BBD1EC4FE2600135EEB /* CreditsView.swift */; };
		ECF32BC01EC500ED00135EEB /* CreditsVC.swift in Sources */ = {isa = PBXBuildFile; fileRef = ECF32BBF1EC500ED00135EEB /* CreditsVC.swift */; };
		ECFDC4831EA3295F00902F15 /* SequencerEngine.swift in Sources */ = {isa = PBXBuildFile; fileRef = ECFDC4821EA3295F00902F15 /* SequencerEngine.swift */; };
		FEC6EACC79488617263FC929 /* Pods_InThree.framework in Frameworks */ = {isa = PBXBuildFile; fileRef = BE165AF62EB552E59C6FC01F /* Pods_InThree.framework */; };
/* End PBXBuildFile section */

/* Begin PBXContainerItemProxy section */
		EC4BD1EE1EA29ECC0076B4D0 /* PBXContainerItemProxy */ = {
			isa = PBXContainerItemProxy;
			containerPortal = EC4BD1D11EA29ECC0076B4D0 /* Project object */;
			proxyType = 1;
			remoteGlobalIDString = EC4BD1D81EA29ECC0076B4D0;
			remoteInfo = InThree;
		};
		EC4BD1F91EA29ECC0076B4D0 /* PBXContainerItemProxy */ = {
			isa = PBXContainerItemProxy;
			containerPortal = EC4BD1D11EA29ECC0076B4D0 /* Project object */;
			proxyType = 1;
			remoteGlobalIDString = EC4BD1D81EA29ECC0076B4D0;
			remoteInfo = InThree;
		};
/* End PBXContainerItemProxy section */

/* Begin PBXFileReference section */
		011834F4BC10F4394CB16CD4 /* Pods-InThree.debug.xcconfig */ = {isa = PBXFileReference; includeInIndex = 1; lastKnownFileType = text.xcconfig; name = "Pods-InThree.debug.xcconfig"; path = "Pods/Target Support Files/Pods-InThree/Pods-InThree.debug.xcconfig"; sourceTree = "<group>"; };
		40946F1B9BFDE195451E928F /* Pods_InThreeTests.framework */ = {isa = PBXFileReference; explicitFileType = wrapper.framework; includeInIndex = 0; path = Pods_InThreeTests.framework; sourceTree = BUILT_PRODUCTS_DIR; };
		4BB661215232E43DA9F74F16 /* Pods-InThreeTests.release.xcconfig */ = {isa = PBXFileReference; includeInIndex = 1; lastKnownFileType = text.xcconfig; name = "Pods-InThreeTests.release.xcconfig"; path = "Pods/Target Support Files/Pods-InThreeTests/Pods-InThreeTests.release.xcconfig"; sourceTree = "<group>"; };
		836C8A8BA22A2126A7269DAC /* Pods-InThreeTests.debug.xcconfig */ = {isa = PBXFileReference; includeInIndex = 1; lastKnownFileType = text.xcconfig; name = "Pods-InThreeTests.debug.xcconfig"; path = "Pods/Target Support Files/Pods-InThreeTests/Pods-InThreeTests.debug.xcconfig"; sourceTree = "<group>"; };
		8B88105CFF9CE7743CD2B4A2 /* Pods-InThree.release.xcconfig */ = {isa = PBXFileReference; includeInIndex = 1; lastKnownFileType = text.xcconfig; name = "Pods-InThree.release.xcconfig"; path = "Pods/Target Support Files/Pods-InThree/Pods-InThree.release.xcconfig"; sourceTree = "<group>"; };
		A47430E65E87CB7FF8743491 /* Pods-InThreeUITests.release.xcconfig */ = {isa = PBXFileReference; includeInIndex = 1; lastKnownFileType = text.xcconfig; name = "Pods-InThreeUITests.release.xcconfig"; path = "Pods/Target Support Files/Pods-InThreeUITests/Pods-InThreeUITests.release.xcconfig"; sourceTree = "<group>"; };
		A93D6BBCB77B4EB942C6C5AA /* Pods-InThreeUITests.debug.xcconfig */ = {isa = PBXFileReference; includeInIndex = 1; lastKnownFileType = text.xcconfig; name = "Pods-InThreeUITests.debug.xcconfig"; path = "Pods/Target Support Files/Pods-InThreeUITests/Pods-InThreeUITests.debug.xcconfig"; sourceTree = "<group>"; };
		BE165AF62EB552E59C6FC01F /* Pods_InThree.framework */ = {isa = PBXFileReference; explicitFileType = wrapper.framework; includeInIndex = 0; path = Pods_InThree.framework; sourceTree = BUILT_PRODUCTS_DIR; };
		BF781159264C6DBCC003C090 /* Pods_InThreeUITests.framework */ = {isa = PBXFileReference; explicitFileType = wrapper.framework; includeInIndex = 0; path = Pods_InThreeUITests.framework; sourceTree = BUILT_PRODUCTS_DIR; };
		EC05C7601EA4570D0031864A /* Rhythm.swift */ = {isa = PBXFileReference; fileEncoding = 4; lastKnownFileType = sourcecode.swift; path = Rhythm.swift; sourceTree = "<group>"; };
		EC05C7621EA45AC20031864A /* Score.swift */ = {isa = PBXFileReference; fileEncoding = 4; lastKnownFileType = sourcecode.swift; path = Score.swift; sourceTree = "<group>"; };
		EC05C7641EA460400031864A /* Beat.swift */ = {isa = PBXFileReference; fileEncoding = 4; lastKnownFileType = sourcecode.swift; path = Beat.swift; sourceTree = "<group>"; };
		EC05C7661EA463A20031864A /* Note.swift */ = {isa = PBXFileReference; fileEncoding = 4; lastKnownFileType = sourcecode.swift; path = Note.swift; sourceTree = "<group>"; };
		EC44720E1EC27673009EB271 /* BlipLabel.swift */ = {isa = PBXFileReference; fileEncoding = 4; lastKnownFileType = sourcecode.swift; path = BlipLabel.swift; sourceTree = "<group>"; };
		EC4472101EC27757009EB271 /* BlipButton.swift */ = {isa = PBXFileReference; fileEncoding = 4; lastKnownFileType = sourcecode.swift; path = BlipButton.swift; sourceTree = "<group>"; };
		EC4472161EC2ABE9009EB271 /* timeburnernormal.ttf */ = {isa = PBXFileReference; lastKnownFileType = file; path = timeburnernormal.ttf; sourceTree = "<group>"; };
		EC4472181EC2AD00009EB271 /* timeburnerbold.ttf */ = {isa = PBXFileReference; lastKnownFileType = file; path = timeburnerbold.ttf; sourceTree = "<group>"; };
		EC4BD1D91EA29ECC0076B4D0 /* InThree.app */ = {isa = PBXFileReference; explicitFileType = wrapper.application; includeInIndex = 0; path = InThree.app; sourceTree = BUILT_PRODUCTS_DIR; };
		EC4BD1DC1EA29ECC0076B4D0 /* AppDelegate.swift */ = {isa = PBXFileReference; lastKnownFileType = sourcecode.swift; path = AppDelegate.swift; sourceTree = "<group>"; };
		EC4BD1E31EA29ECC0076B4D0 /* Assets.xcassets */ = {isa = PBXFileReference; lastKnownFileType = folder.assetcatalog; path = Assets.xcassets; sourceTree = "<group>"; };
		EC4BD1E61EA29ECC0076B4D0 /* Base */ = {isa = PBXFileReference; lastKnownFileType = file.storyboard; name = Base; path = Base.lproj/LaunchScreen.storyboard; sourceTree = "<group>"; };
		EC4BD1E81EA29ECC0076B4D0 /* Info.plist */ = {isa = PBXFileReference; lastKnownFileType = text.plist.xml; path = Info.plist; sourceTree = "<group>"; };
		EC4BD1ED1EA29ECC0076B4D0 /* InThreeTests.xctest */ = {isa = PBXFileReference; explicitFileType = wrapper.cfbundle; includeInIndex = 0; path = InThreeTests.xctest; sourceTree = BUILT_PRODUCTS_DIR; };
		EC4BD1F11EA29ECC0076B4D0 /* InThreeTests.swift */ = {isa = PBXFileReference; lastKnownFileType = sourcecode.swift; path = InThreeTests.swift; sourceTree = "<group>"; };
		EC4BD1F31EA29ECC0076B4D0 /* Info.plist */ = {isa = PBXFileReference; lastKnownFileType = text.plist.xml; path = Info.plist; sourceTree = "<group>"; };
		EC4BD1F81EA29ECC0076B4D0 /* InThreeUITests.xctest */ = {isa = PBXFileReference; explicitFileType = wrapper.cfbundle; includeInIndex = 0; path = InThreeUITests.xctest; sourceTree = BUILT_PRODUCTS_DIR; };
		EC4BD1FC1EA29ECC0076B4D0 /* InThreeUITests.swift */ = {isa = PBXFileReference; lastKnownFileType = sourcecode.swift; path = InThreeUITests.swift; sourceTree = "<group>"; };
		EC4BD1FE1EA29ECC0076B4D0 /* Info.plist */ = {isa = PBXFileReference; lastKnownFileType = text.plist.xml; path = Info.plist; sourceTree = "<group>"; };
		EC4BD20F1EA2A6B40076B4D0 /* PadView.swift */ = {isa = PBXFileReference; fileEncoding = 4; lastKnownFileType = sourcecode.swift; path = PadView.swift; sourceTree = "<group>"; };
		EC4BD2131EA2C7F30076B4D0 /* BeatView.swift */ = {isa = PBXFileReference; fileEncoding = 4; lastKnownFileType = sourcecode.swift; path = BeatView.swift; sourceTree = "<group>"; };
		EC4BD2161EA2D2CB0076B4D0 /* UIColorExtenstion.swift */ = {isa = PBXFileReference; fileEncoding = 4; lastKnownFileType = sourcecode.swift; path = UIColorExtenstion.swift; sourceTree = "<group>"; };
		EC4BD2181EA2EEBE0076B4D0 /* SequencerVC.swift */ = {isa = PBXFileReference; fileEncoding = 4; lastKnownFileType = sourcecode.swift; path = SequencerVC.swift; sourceTree = "<group>"; };
		EC5B3F9C1EB0DB0000410BD2 /* GoogleService-Info.plist */ = {isa = PBXFileReference; fileEncoding = 4; lastKnownFileType = text.plist.xml; path = "GoogleService-Info.plist"; sourceTree = "<group>"; };
		EC5B3FA01EB0E04E00410BD2 /* FirebaseResponse.swift */ = {isa = PBXFileReference; fileEncoding = 4; lastKnownFileType = sourcecode.swift; path = FirebaseResponse.swift; sourceTree = "<group>"; };
		EC5B3FA21EB0E25000410BD2 /* BlipUser.swift */ = {isa = PBXFileReference; fileEncoding = 4; lastKnownFileType = sourcecode.swift; path = BlipUser.swift; sourceTree = "<group>"; };
		EC5B3FA41EB0E31100410BD2 /* FirebaseManager.swift */ = {isa = PBXFileReference; fileEncoding = 4; lastKnownFileType = sourcecode.swift; path = FirebaseManager.swift; sourceTree = "<group>"; };
		EC5B3FA61EB0E81100410BD2 /* AppController.swift */ = {isa = PBXFileReference; fileEncoding = 4; lastKnownFileType = sourcecode.swift; path = AppController.swift; sourceTree = "<group>"; };
		EC5B3FA81EB0E92100410BD2 /* LoginVC.swift */ = {isa = PBXFileReference; fileEncoding = 4; lastKnownFileType = sourcecode.swift; path = LoginVC.swift; sourceTree = "<group>"; };
		EC5B3FAA1EB0E9E000410BD2 /* DashboardVC.swift */ = {isa = PBXFileReference; fileEncoding = 4; lastKnownFileType = sourcecode.swift; path = DashboardVC.swift; sourceTree = "<group>"; };
		EC5B3FAC1EB0EDFE00410BD2 /* DashboardNavC.swift */ = {isa = PBXFileReference; fileEncoding = 4; lastKnownFileType = sourcecode.swift; path = DashboardNavC.swift; sourceTree = "<group>"; };
		EC5B3FAE1EB0EEB100410BD2 /* LoginNavC.swift */ = {isa = PBXFileReference; fileEncoding = 4; lastKnownFileType = sourcecode.swift; path = LoginNavC.swift; sourceTree = "<group>"; };
		EC5B3FB01EB0EF9500410BD2 /* LoginView.swift */ = {isa = PBXFileReference; fileEncoding = 4; lastKnownFileType = sourcecode.swift; path = LoginView.swift; sourceTree = "<group>"; };
		EC5B3FB21EB0FF3800410BD2 /* CreateUserVC.swift */ = {isa = PBXFileReference; fileEncoding = 4; lastKnownFileType = sourcecode.swift; path = CreateUserVC.swift; sourceTree = "<group>"; };
		EC5B3FB41EB0FF6300410BD2 /* CreateUserView.swift */ = {isa = PBXFileReference; fileEncoding = 4; lastKnownFileType = sourcecode.swift; path = CreateUserView.swift; sourceTree = "<group>"; };
		EC5B3FBB1EB10A9000410BD2 /* BlipBloopView.swift */ = {isa = PBXFileReference; fileEncoding = 4; lastKnownFileType = sourcecode.swift; path = BlipBloopView.swift; sourceTree = "<group>"; };
		EC5B3FBD1EB13A6700410BD2 /* UIVCExtension.swift */ = {isa = PBXFileReference; fileEncoding = 4; lastKnownFileType = sourcecode.swift; path = UIVCExtension.swift; sourceTree = "<group>"; };
		EC5B3FBF1EB13EE800410BD2 /* DashboardView.swift */ = {isa = PBXFileReference; fileEncoding = 4; lastKnownFileType = sourcecode.swift; path = DashboardView.swift; sourceTree = "<group>"; };
		EC74C8A21EC1088B00666BDF /* PartySequencerVC.swift */ = {isa = PBXFileReference; fileEncoding = 4; lastKnownFileType = sourcecode.swift; path = PartySequencerVC.swift; sourceTree = "<group>"; };
		EC74C8A41EC10A8900666BDF /* CitySequencerVC.swift */ = {isa = PBXFileReference; fileEncoding = 4; lastKnownFileType = sourcecode.swift; path = CitySequencerVC.swift; sourceTree = "<group>"; };
		EC74C8AA1EC1228E00666BDF /* LightTrigger.swift */ = {isa = PBXFileReference; fileEncoding = 4; lastKnownFileType = sourcecode.swift; path = LightTrigger.swift; sourceTree = "<group>"; };
		EC7C14651EB67D51009FACDA /* BlipUserCell.swift */ = {isa = PBXFileReference; fileEncoding = 4; lastKnownFileType = sourcecode.swift; path = BlipUserCell.swift; sourceTree = "<group>"; };
		EC7C14671EB780FF009FACDA /* SequencerMode.swift */ = {isa = PBXFileReference; fileEncoding = 4; lastKnownFileType = sourcecode.swift; path = SequencerMode.swift; sourceTree = "<group>"; };
		EC7FEDED1EAE59CF00E50A62 /* ColorSchemeModel.swift */ = {isa = PBXFileReference; fileEncoding = 4; lastKnownFileType = sourcecode.swift; path = ColorSchemeModel.swift; sourceTree = "<group>"; };
		EC7FEDEF1EAE65D500E50A62 /* NoteButton.swift */ = {isa = PBXFileReference; fileEncoding = 4; lastKnownFileType = sourcecode.swift; path = NoteButton.swift; sourceTree = "<group>"; };
		EC9028B11EC35FB200027FCE /* Party.swift */ = {isa = PBXFileReference; fileEncoding = 4; lastKnownFileType = sourcecode.swift; path = Party.swift; sourceTree = "<group>"; };
		EC9028B31EC398B100027FCE /* ForgotPasswordView.swift */ = {isa = PBXFileReference; fileEncoding = 4; lastKnownFileType = sourcecode.swift; path = ForgotPasswordView.swift; sourceTree = "<group>"; };
		EC9028B51EC398D000027FCE /* ForgotPasswordVC.swift */ = {isa = PBXFileReference; fileEncoding = 4; lastKnownFileType = sourcecode.swift; path = ForgotPasswordVC.swift; sourceTree = "<group>"; };
		EC9559751EA59EFB008FA5FA /* SequencerView.swift */ = {isa = PBXFileReference; fileEncoding = 4; lastKnownFileType = sourcecode.swift; path = SequencerView.swift; sourceTree = "<group>"; };
		ECA6D4A61EB914AB008A027B /* ScoreIndex.swift */ = {isa = PBXFileReference; fileEncoding = 4; lastKnownFileType = sourcecode.swift; path = ScoreIndex.swift; sourceTree = "<group>"; };
		ECA6D4A91EBA31A3008A027B /* FlatironLocation.gpx */ = {isa = PBXFileReference; lastKnownFileType = text.xml; path = FlatironLocation.gpx; sourceTree = "<group>"; };
		ECAE16ED1EA6FCD10013696C /* KeyboardView.xib */ = {isa = PBXFileReference; fileEncoding = 4; lastKnownFileType = file.xib; path = KeyboardView.xib; sourceTree = "<group>"; };
		ECAE16EF1EA6FD210013696C /* KeyboardView.swift */ = {isa = PBXFileReference; fileEncoding = 4; lastKnownFileType = sourcecode.swift; path = KeyboardView.swift; sourceTree = "<group>"; };
		ECB181651EB2424E0025F017 /* MultipeerManager.swift */ = {isa = PBXFileReference; fileEncoding = 4; lastKnownFileType = sourcecode.swift; path = MultipeerManager.swift; sourceTree = "<group>"; };
		ECB181671EB245BD0025F017 /* LocalPeerView.swift */ = {isa = PBXFileReference; fileEncoding = 4; lastKnownFileType = sourcecode.swift; path = LocalPeerView.swift; sourceTree = "<group>"; };
		ECB181691EB245DB0025F017 /* LocalPeerVC.swift */ = {isa = PBXFileReference; fileEncoding = 4; lastKnownFileType = sourcecode.swift; path = LocalPeerVC.swift; sourceTree = "<group>"; };
		ECCE22F31EA84C95006691D8 /* CircleOfFifthsView.xib */ = {isa = PBXFileReference; fileEncoding = 4; lastKnownFileType = file.xib; path = CircleOfFifthsView.xib; sourceTree = "<group>"; };
		ECCE22F51EA84E28006691D8 /* CircleOfFifthsView.swift */ = {isa = PBXFileReference; fileEncoding = 4; lastKnownFileType = sourcecode.swift; path = CircleOfFifthsView.swift; sourceTree = "<group>"; };
		ECF32BB31EC3EAE500135EEB /* BlipTextField.swift */ = {isa = PBXFileReference; fileEncoding = 4; lastKnownFileType = sourcecode.swift; path = BlipTextField.swift; sourceTree = "<group>"; };
		ECF32BB51EC3F17900135EEB /* ResetNavController.swift */ = {isa = PBXFileReference; fileEncoding = 4; lastKnownFileType = sourcecode.swift; path = ResetNavController.swift; sourceTree = "<group>"; };
		ECF32BB71EC4A35000135EEB /* Pixeled.ttf */ = {isa = PBXFileReference; lastKnownFileType = file; path = Pixeled.ttf; sourceTree = "<group>"; };
		ECF32BBB1EC4E82B00135EEB /* UserAlert.swift */ = {isa = PBXFileReference; fileEncoding = 4; lastKnownFileType = sourcecode.swift; path = UserAlert.swift; sourceTree = "<group>"; };
		ECF32BBD1EC4FE2600135EEB /* CreditsView.swift */ = {isa = PBXFileReference; fileEncoding = 4; lastKnownFileType = sourcecode.swift; path = CreditsView.swift; sourceTree = "<group>"; };
		ECF32BBF1EC500ED00135EEB /* CreditsVC.swift */ = {isa = PBXFileReference; fileEncoding = 4; lastKnownFileType = sourcecode.swift; path = CreditsVC.swift; sourceTree = "<group>"; };
		ECFDC4821EA3295F00902F15 /* SequencerEngine.swift */ = {isa = PBXFileReference; fileEncoding = 4; lastKnownFileType = sourcecode.swift; path = SequencerEngine.swift; sourceTree = "<group>"; };
/* End PBXFileReference section */

/* Begin PBXFrameworksBuildPhase section */
		EC4BD1D61EA29ECC0076B4D0 /* Frameworks */ = {
			isa = PBXFrameworksBuildPhase;
			buildActionMask = 2147483647;
			files = (
				FEC6EACC79488617263FC929 /* Pods_InThree.framework in Frameworks */,
			);
			runOnlyForDeploymentPostprocessing = 0;
		};
		EC4BD1EA1EA29ECC0076B4D0 /* Frameworks */ = {
			isa = PBXFrameworksBuildPhase;
			buildActionMask = 2147483647;
			files = (
				049FBDCD4FEE2CDA4412793F /* Pods_InThreeTests.framework in Frameworks */,
			);
			runOnlyForDeploymentPostprocessing = 0;
		};
		EC4BD1F51EA29ECC0076B4D0 /* Frameworks */ = {
			isa = PBXFrameworksBuildPhase;
			buildActionMask = 2147483647;
			files = (
				5ADCC3EA681CE6951324CD4B /* Pods_InThreeUITests.framework in Frameworks */,
			);
			runOnlyForDeploymentPostprocessing = 0;
		};
/* End PBXFrameworksBuildPhase section */

/* Begin PBXGroup section */
		A93F8A37FCCB8C9A166A3766 /* Frameworks */ = {
			isa = PBXGroup;
			children = (
				BE165AF62EB552E59C6FC01F /* Pods_InThree.framework */,
				40946F1B9BFDE195451E928F /* Pods_InThreeTests.framework */,
				BF781159264C6DBCC003C090 /* Pods_InThreeUITests.framework */,
			);
			name = Frameworks;
			sourceTree = "<group>";
		};
		EC44720B1EC272E5009EB271 /* Resources */ = {
			isa = PBXGroup;
			children = (
				EC4472181EC2AD00009EB271 /* timeburnerbold.ttf */,
				ECF32BB71EC4A35000135EEB /* Pixeled.ttf */,
				EC4472161EC2ABE9009EB271 /* timeburnernormal.ttf */,
			);
			name = Resources;
			sourceTree = "<group>";
		};
		EC4BD1D01EA29ECC0076B4D0 = {
			isa = PBXGroup;
			children = (
				EC4BD1DB1EA29ECC0076B4D0 /* InThree */,
				EC4BD1F01EA29ECC0076B4D0 /* InThreeTests */,
				EC4BD1FB1EA29ECC0076B4D0 /* InThreeUITests */,
				EC4BD1DA1EA29ECC0076B4D0 /* Products */,
				FF7F3A395CF2D5D980872EEC /* Pods */,
				A93F8A37FCCB8C9A166A3766 /* Frameworks */,
			);
			sourceTree = "<group>";
		};
		EC4BD1DA1EA29ECC0076B4D0 /* Products */ = {
			isa = PBXGroup;
			children = (
				EC4BD1D91EA29ECC0076B4D0 /* InThree.app */,
				EC4BD1ED1EA29ECC0076B4D0 /* InThreeTests.xctest */,
				EC4BD1F81EA29ECC0076B4D0 /* InThreeUITests.xctest */,
			);
			name = Products;
			sourceTree = "<group>";
		};
		EC4BD1DB1EA29ECC0076B4D0 /* InThree */ = {
			isa = PBXGroup;
			children = (
				EC44720B1EC272E5009EB271 /* Resources */,
				EC5B3FB81EB1097D00410BD2 /* Protocols */,
				EC5B3F9B1EB0D87C00410BD2 /* Utility */,
				EC4BD2151EA2D2B60076B4D0 /* Extensions */,
				EC4BD20C1EA29F990076B4D0 /* Models */,
				EC4BD20B1EA29F8B0076B4D0 /* Views */,
				EC4BD20A1EA29F820076B4D0 /* Controllers */,
				EC4BD1E31EA29ECC0076B4D0 /* Assets.xcassets */,
				EC4BD1E51EA29ECC0076B4D0 /* LaunchScreen.storyboard */,
				EC4BD1E81EA29ECC0076B4D0 /* Info.plist */,
				EC5B3F9C1EB0DB0000410BD2 /* GoogleService-Info.plist */,
			);
			path = InThree;
			sourceTree = "<group>";
		};
		EC4BD1F01EA29ECC0076B4D0 /* InThreeTests */ = {
			isa = PBXGroup;
			children = (
				EC4BD1F11EA29ECC0076B4D0 /* InThreeTests.swift */,
				EC4BD1F31EA29ECC0076B4D0 /* Info.plist */,
			);
			path = InThreeTests;
			sourceTree = "<group>";
		};
		EC4BD1FB1EA29ECC0076B4D0 /* InThreeUITests */ = {
			isa = PBXGroup;
			children = (
				EC4BD1FC1EA29ECC0076B4D0 /* InThreeUITests.swift */,
				EC4BD1FE1EA29ECC0076B4D0 /* Info.plist */,
			);
			path = InThreeUITests;
			sourceTree = "<group>";
		};
		EC4BD20A1EA29F820076B4D0 /* Controllers */ = {
			isa = PBXGroup;
			children = (
				EC4BD1DC1EA29ECC0076B4D0 /* AppDelegate.swift */,
				EC5B3FA61EB0E81100410BD2 /* AppController.swift */,
				EC4BD2181EA2EEBE0076B4D0 /* SequencerVC.swift */,
				EC74C8A41EC10A8900666BDF /* CitySequencerVC.swift */,
				EC74C8A21EC1088B00666BDF /* PartySequencerVC.swift */,
				EC5B3FA81EB0E92100410BD2 /* LoginVC.swift */,
				EC5B3FAA1EB0E9E000410BD2 /* DashboardVC.swift */,
				EC5B3FAC1EB0EDFE00410BD2 /* DashboardNavC.swift */,
				EC5B3FAE1EB0EEB100410BD2 /* LoginNavC.swift */,
				EC5B3FB21EB0FF3800410BD2 /* CreateUserVC.swift */,
				ECB181691EB245DB0025F017 /* LocalPeerVC.swift */,
				EC9028B51EC398D000027FCE /* ForgotPasswordVC.swift */,
				ECF32BB51EC3F17900135EEB /* ResetNavController.swift */,
				ECF32BBF1EC500ED00135EEB /* CreditsVC.swift */,
			);
			name = Controllers;
			sourceTree = "<group>";
		};
		EC4BD20B1EA29F8B0076B4D0 /* Views */ = {
			isa = PBXGroup;
			children = (
				EC7FEDEF1EAE65D500E50A62 /* NoteButton.swift */,
				EC4BD20F1EA2A6B40076B4D0 /* PadView.swift */,
				EC4BD2131EA2C7F30076B4D0 /* BeatView.swift */,
				EC9559751EA59EFB008FA5FA /* SequencerView.swift */,
				ECAE16EF1EA6FD210013696C /* KeyboardView.swift */,
				ECAE16ED1EA6FCD10013696C /* KeyboardView.xib */,
				ECCE22F51EA84E28006691D8 /* CircleOfFifthsView.swift */,
				ECCE22F31EA84C95006691D8 /* CircleOfFifthsView.xib */,
				EC5B3FB01EB0EF9500410BD2 /* LoginView.swift */,
				EC5B3FB41EB0FF6300410BD2 /* CreateUserView.swift */,
				EC5B3FBF1EB13EE800410BD2 /* DashboardView.swift */,
				ECB181671EB245BD0025F017 /* LocalPeerView.swift */,
				EC7C14651EB67D51009FACDA /* BlipUserCell.swift */,
				EC44720E1EC27673009EB271 /* BlipLabel.swift */,
				EC4472101EC27757009EB271 /* BlipButton.swift */,
				EC9028B31EC398B100027FCE /* ForgotPasswordView.swift */,
				ECF32BB31EC3EAE500135EEB /* BlipTextField.swift */,
				ECF32BBD1EC4FE2600135EEB /* CreditsView.swift */,
			);
			name = Views;
			sourceTree = "<group>";
		};
		EC4BD20C1EA29F990076B4D0 /* Models */ = {
			isa = PBXGroup;
			children = (
				EC05C7621EA45AC20031864A /* Score.swift */,
				ECFDC4821EA3295F00902F15 /* SequencerEngine.swift */,
				EC05C7641EA460400031864A /* Beat.swift */,
				EC05C7601EA4570D0031864A /* Rhythm.swift */,
				EC05C7661EA463A20031864A /* Note.swift */,
				EC7FEDED1EAE59CF00E50A62 /* ColorSchemeModel.swift */,
				EC5B3FA21EB0E25000410BD2 /* BlipUser.swift */,
				EC7C14671EB780FF009FACDA /* SequencerMode.swift */,
				ECA6D4A61EB914AB008A027B /* ScoreIndex.swift */,
				EC74C8AA1EC1228E00666BDF /* LightTrigger.swift */,
				EC9028B11EC35FB200027FCE /* Party.swift */,
			);
			name = Models;
			sourceTree = "<group>";
		};
		EC4BD2151EA2D2B60076B4D0 /* Extensions */ = {
			isa = PBXGroup;
			children = (
				EC4BD2161EA2D2CB0076B4D0 /* UIColorExtenstion.swift */,
				EC5B3FBD1EB13A6700410BD2 /* UIVCExtension.swift */,
			);
			name = Extensions;
			sourceTree = "<group>";
		};
		EC5B3F9B1EB0D87C00410BD2 /* Utility */ = {
			isa = PBXGroup;
			children = (
				EC5B3FA01EB0E04E00410BD2 /* FirebaseResponse.swift */,
				EC5B3FA41EB0E31100410BD2 /* FirebaseManager.swift */,
				ECB181651EB2424E0025F017 /* MultipeerManager.swift */,
				ECA6D4A91EBA31A3008A027B /* FlatironLocation.gpx */,
			);
			name = Utility;
			sourceTree = "<group>";
		};
		EC5B3FB81EB1097D00410BD2 /* Protocols */ = {
			isa = PBXGroup;
			children = (
				EC5B3FBB1EB10A9000410BD2 /* BlipBloopView.swift */,
				ECF32BBB1EC4E82B00135EEB /* UserAlert.swift */,
			);
			name = Protocols;
			sourceTree = "<group>";
		};
		FF7F3A395CF2D5D980872EEC /* Pods */ = {
			isa = PBXGroup;
			children = (
				011834F4BC10F4394CB16CD4 /* Pods-InThree.debug.xcconfig */,
				8B88105CFF9CE7743CD2B4A2 /* Pods-InThree.release.xcconfig */,
				836C8A8BA22A2126A7269DAC /* Pods-InThreeTests.debug.xcconfig */,
				4BB661215232E43DA9F74F16 /* Pods-InThreeTests.release.xcconfig */,
				A93D6BBCB77B4EB942C6C5AA /* Pods-InThreeUITests.debug.xcconfig */,
				A47430E65E87CB7FF8743491 /* Pods-InThreeUITests.release.xcconfig */,
			);
			name = Pods;
			sourceTree = "<group>";
		};
/* End PBXGroup section */

/* Begin PBXNativeTarget section */
		EC4BD1D81EA29ECC0076B4D0 /* InThree */ = {
			isa = PBXNativeTarget;
			buildConfigurationList = EC4BD2011EA29ECC0076B4D0 /* Build configuration list for PBXNativeTarget "InThree" */;
			buildPhases = (
				FBA7BB45BA823C42BF3CB95D /* [CP] Check Pods Manifest.lock */,
				EC4BD1D51EA29ECC0076B4D0 /* Sources */,
				EC4BD1D61EA29ECC0076B4D0 /* Frameworks */,
				EC4BD1D71EA29ECC0076B4D0 /* Resources */,
				76D6158C0D2FBD0F5CA01C80 /* [CP] Embed Pods Frameworks */,
				A751D606697FC2C6558A809F /* [CP] Copy Pods Resources */,
			);
			buildRules = (
			);
			dependencies = (
			);
			name = InThree;
			productName = InThree;
			productReference = EC4BD1D91EA29ECC0076B4D0 /* InThree.app */;
			productType = "com.apple.product-type.application";
		};
		EC4BD1EC1EA29ECC0076B4D0 /* InThreeTests */ = {
			isa = PBXNativeTarget;
			buildConfigurationList = EC4BD2041EA29ECC0076B4D0 /* Build configuration list for PBXNativeTarget "InThreeTests" */;
			buildPhases = (
				DD42D995032F91D07AA4AE1D /* [CP] Check Pods Manifest.lock */,
				EC4BD1E91EA29ECC0076B4D0 /* Sources */,
				EC4BD1EA1EA29ECC0076B4D0 /* Frameworks */,
				EC4BD1EB1EA29ECC0076B4D0 /* Resources */,
				AC9CE3BC9800A92801368511 /* [CP] Embed Pods Frameworks */,
				BCECB7590993E0A4612C45FC /* [CP] Copy Pods Resources */,
			);
			buildRules = (
			);
			dependencies = (
				EC4BD1EF1EA29ECC0076B4D0 /* PBXTargetDependency */,
			);
			name = InThreeTests;
			productName = InThreeTests;
			productReference = EC4BD1ED1EA29ECC0076B4D0 /* InThreeTests.xctest */;
			productType = "com.apple.product-type.bundle.unit-test";
		};
		EC4BD1F71EA29ECC0076B4D0 /* InThreeUITests */ = {
			isa = PBXNativeTarget;
			buildConfigurationList = EC4BD2071EA29ECC0076B4D0 /* Build configuration list for PBXNativeTarget "InThreeUITests" */;
			buildPhases = (
				4BC2A691381226244F66A3BD /* [CP] Check Pods Manifest.lock */,
				EC4BD1F41EA29ECC0076B4D0 /* Sources */,
				EC4BD1F51EA29ECC0076B4D0 /* Frameworks */,
				EC4BD1F61EA29ECC0076B4D0 /* Resources */,
				8CF389249B65E3DC9D732D45 /* [CP] Embed Pods Frameworks */,
				0AEAEE64A5AA351765EB8E61 /* [CP] Copy Pods Resources */,
			);
			buildRules = (
			);
			dependencies = (
				EC4BD1FA1EA29ECC0076B4D0 /* PBXTargetDependency */,
			);
			name = InThreeUITests;
			productName = InThreeUITests;
			productReference = EC4BD1F81EA29ECC0076B4D0 /* InThreeUITests.xctest */;
			productType = "com.apple.product-type.bundle.ui-testing";
		};
/* End PBXNativeTarget section */

/* Begin PBXProject section */
		EC4BD1D11EA29ECC0076B4D0 /* Project object */ = {
			isa = PBXProject;
			attributes = {
				LastSwiftUpdateCheck = 0830;
				LastUpgradeCheck = 0830;
				ORGANIZATIONNAME = "Patrick O'Leary";
				TargetAttributes = {
					EC4BD1D81EA29ECC0076B4D0 = {
						CreatedOnToolsVersion = 8.3;
						DevelopmentTeam = 992D98C4QP;
						ProvisioningStyle = Automatic;
						SystemCapabilities = {
							com.apple.BackgroundModes = {
								enabled = 1;
							};
						};
					};
					EC4BD1EC1EA29ECC0076B4D0 = {
						CreatedOnToolsVersion = 8.3;
						DevelopmentTeam = 7994H36MAA;
						ProvisioningStyle = Automatic;
						TestTargetID = EC4BD1D81EA29ECC0076B4D0;
					};
					EC4BD1F71EA29ECC0076B4D0 = {
						CreatedOnToolsVersion = 8.3;
						DevelopmentTeam = 7994H36MAA;
						ProvisioningStyle = Automatic;
						TestTargetID = EC4BD1D81EA29ECC0076B4D0;
					};
				};
			};
			buildConfigurationList = EC4BD1D41EA29ECC0076B4D0 /* Build configuration list for PBXProject "InThree" */;
			compatibilityVersion = "Xcode 3.2";
			developmentRegion = English;
			hasScannedForEncodings = 0;
			knownRegions = (
				en,
				Base,
			);
			mainGroup = EC4BD1D01EA29ECC0076B4D0;
			productRefGroup = EC4BD1DA1EA29ECC0076B4D0 /* Products */;
			projectDirPath = "";
			projectRoot = "";
			targets = (
				EC4BD1D81EA29ECC0076B4D0 /* InThree */,
				EC4BD1EC1EA29ECC0076B4D0 /* InThreeTests */,
				EC4BD1F71EA29ECC0076B4D0 /* InThreeUITests */,
			);
		};
/* End PBXProject section */

/* Begin PBXResourcesBuildPhase section */
		EC4BD1D71EA29ECC0076B4D0 /* Resources */ = {
			isa = PBXResourcesBuildPhase;
			buildActionMask = 2147483647;
			files = (
				EC5B3F9D1EB0DB0000410BD2 /* GoogleService-Info.plist in Resources */,
				EC4BD1E71EA29ECC0076B4D0 /* LaunchScreen.storyboard in Resources */,
				ECF32BB81EC4A35000135EEB /* Pixeled.ttf in Resources */,
				ECCE22F41EA84C95006691D8 /* CircleOfFifthsView.xib in Resources */,
				EC4BD1E41EA29ECC0076B4D0 /* Assets.xcassets in Resources */,
				EC4472171EC2ABE9009EB271 /* timeburnernormal.ttf in Resources */,
				ECAE16EE1EA6FCD10013696C /* KeyboardView.xib in Resources */,
				EC4472191EC2AD00009EB271 /* timeburnerbold.ttf in Resources */,
			);
			runOnlyForDeploymentPostprocessing = 0;
		};
		EC4BD1EB1EA29ECC0076B4D0 /* Resources */ = {
			isa = PBXResourcesBuildPhase;
			buildActionMask = 2147483647;
			files = (
			);
			runOnlyForDeploymentPostprocessing = 0;
		};
		EC4BD1F61EA29ECC0076B4D0 /* Resources */ = {
			isa = PBXResourcesBuildPhase;
			buildActionMask = 2147483647;
			files = (
			);
			runOnlyForDeploymentPostprocessing = 0;
		};
/* End PBXResourcesBuildPhase section */

/* Begin PBXShellScriptBuildPhase section */
		0AEAEE64A5AA351765EB8E61 /* [CP] Copy Pods Resources */ = {
			isa = PBXShellScriptBuildPhase;
			buildActionMask = 2147483647;
			files = (
			);
			inputPaths = (
			);
			name = "[CP] Copy Pods Resources";
			outputPaths = (
			);
			runOnlyForDeploymentPostprocessing = 0;
			shellPath = /bin/sh;
			shellScript = "\"${SRCROOT}/Pods/Target Support Files/Pods-InThreeUITests/Pods-InThreeUITests-resources.sh\"\n";
			showEnvVarsInLog = 0;
		};
		4BC2A691381226244F66A3BD /* [CP] Check Pods Manifest.lock */ = {
			isa = PBXShellScriptBuildPhase;
			buildActionMask = 2147483647;
			files = (
			);
			inputPaths = (
			);
			name = "[CP] Check Pods Manifest.lock";
			outputPaths = (
			);
			runOnlyForDeploymentPostprocessing = 0;
			shellPath = /bin/sh;
			shellScript = "diff \"${PODS_ROOT}/../Podfile.lock\" \"${PODS_ROOT}/Manifest.lock\" > /dev/null\nif [ $? != 0 ] ; then\n    # print error to STDERR\n    echo \"error: The sandbox is not in sync with the Podfile.lock. Run 'pod install' or update your CocoaPods installation.\" >&2\n    exit 1\nfi\n";
			showEnvVarsInLog = 0;
		};
		76D6158C0D2FBD0F5CA01C80 /* [CP] Embed Pods Frameworks */ = {
			isa = PBXShellScriptBuildPhase;
			buildActionMask = 2147483647;
			files = (
			);
			inputPaths = (
			);
			name = "[CP] Embed Pods Frameworks";
			outputPaths = (
			);
			runOnlyForDeploymentPostprocessing = 0;
			shellPath = /bin/sh;
			shellScript = "\"${SRCROOT}/Pods/Target Support Files/Pods-InThree/Pods-InThree-frameworks.sh\"\n";
			showEnvVarsInLog = 0;
		};
		8CF389249B65E3DC9D732D45 /* [CP] Embed Pods Frameworks */ = {
			isa = PBXShellScriptBuildPhase;
			buildActionMask = 2147483647;
			files = (
			);
			inputPaths = (
			);
			name = "[CP] Embed Pods Frameworks";
			outputPaths = (
			);
			runOnlyForDeploymentPostprocessing = 0;
			shellPath = /bin/sh;
			shellScript = "\"${SRCROOT}/Pods/Target Support Files/Pods-InThreeUITests/Pods-InThreeUITests-frameworks.sh\"\n";
			showEnvVarsInLog = 0;
		};
		A751D606697FC2C6558A809F /* [CP] Copy Pods Resources */ = {
			isa = PBXShellScriptBuildPhase;
			buildActionMask = 2147483647;
			files = (
			);
			inputPaths = (
			);
			name = "[CP] Copy Pods Resources";
			outputPaths = (
			);
			runOnlyForDeploymentPostprocessing = 0;
			shellPath = /bin/sh;
			shellScript = "\"${SRCROOT}/Pods/Target Support Files/Pods-InThree/Pods-InThree-resources.sh\"\n";
			showEnvVarsInLog = 0;
		};
		AC9CE3BC9800A92801368511 /* [CP] Embed Pods Frameworks */ = {
			isa = PBXShellScriptBuildPhase;
			buildActionMask = 2147483647;
			files = (
			);
			inputPaths = (
			);
			name = "[CP] Embed Pods Frameworks";
			outputPaths = (
			);
			runOnlyForDeploymentPostprocessing = 0;
			shellPath = /bin/sh;
			shellScript = "\"${SRCROOT}/Pods/Target Support Files/Pods-InThreeTests/Pods-InThreeTests-frameworks.sh\"\n";
			showEnvVarsInLog = 0;
		};
		BCECB7590993E0A4612C45FC /* [CP] Copy Pods Resources */ = {
			isa = PBXShellScriptBuildPhase;
			buildActionMask = 2147483647;
			files = (
			);
			inputPaths = (
			);
			name = "[CP] Copy Pods Resources";
			outputPaths = (
			);
			runOnlyForDeploymentPostprocessing = 0;
			shellPath = /bin/sh;
			shellScript = "\"${SRCROOT}/Pods/Target Support Files/Pods-InThreeTests/Pods-InThreeTests-resources.sh\"\n";
			showEnvVarsInLog = 0;
		};
		DD42D995032F91D07AA4AE1D /* [CP] Check Pods Manifest.lock */ = {
			isa = PBXShellScriptBuildPhase;
			buildActionMask = 2147483647;
			files = (
			);
			inputPaths = (
			);
			name = "[CP] Check Pods Manifest.lock";
			outputPaths = (
			);
			runOnlyForDeploymentPostprocessing = 0;
			shellPath = /bin/sh;
			shellScript = "diff \"${PODS_ROOT}/../Podfile.lock\" \"${PODS_ROOT}/Manifest.lock\" > /dev/null\nif [ $? != 0 ] ; then\n    # print error to STDERR\n    echo \"error: The sandbox is not in sync with the Podfile.lock. Run 'pod install' or update your CocoaPods installation.\" >&2\n    exit 1\nfi\n";
			showEnvVarsInLog = 0;
		};
		FBA7BB45BA823C42BF3CB95D /* [CP] Check Pods Manifest.lock */ = {
			isa = PBXShellScriptBuildPhase;
			buildActionMask = 2147483647;
			files = (
			);
			inputPaths = (
			);
			name = "[CP] Check Pods Manifest.lock";
			outputPaths = (
			);
			runOnlyForDeploymentPostprocessing = 0;
			shellPath = /bin/sh;
			shellScript = "diff \"${PODS_ROOT}/../Podfile.lock\" \"${PODS_ROOT}/Manifest.lock\" > /dev/null\nif [ $? != 0 ] ; then\n    # print error to STDERR\n    echo \"error: The sandbox is not in sync with the Podfile.lock. Run 'pod install' or update your CocoaPods installation.\" >&2\n    exit 1\nfi\n";
			showEnvVarsInLog = 0;
		};
/* End PBXShellScriptBuildPhase section */

/* Begin PBXSourcesBuildPhase section */
		EC4BD1D51EA29ECC0076B4D0 /* Sources */ = {
			isa = PBXSourcesBuildPhase;
			buildActionMask = 2147483647;
			files = (
				ECB1816A1EB245DB0025F017 /* LocalPeerVC.swift in Sources */,
				EC4BD2191EA2EEBE0076B4D0 /* SequencerVC.swift in Sources */,
				EC5B3FA91EB0E92100410BD2 /* LoginVC.swift in Sources */,
				ECF32BBE1EC4FE2600135EEB /* CreditsView.swift in Sources */,
				ECFDC4831EA3295F00902F15 /* SequencerEngine.swift in Sources */,
				EC7FEDEE1EAE59CF00E50A62 /* ColorSchemeModel.swift in Sources */,
				EC05C7631EA45AC20031864A /* Score.swift in Sources */,
				ECCE22F61EA84E28006691D8 /* CircleOfFifthsView.swift in Sources */,
				EC5B3FC01EB13EE800410BD2 /* DashboardView.swift in Sources */,
				EC4BD2141EA2C7F30076B4D0 /* BeatView.swift in Sources */,
				EC05C7611EA4570D0031864A /* Rhythm.swift in Sources */,
				EC9028B21EC35FB200027FCE /* Party.swift in Sources */,
				EC9559761EA59EFB008FA5FA /* SequencerView.swift in Sources */,
				EC74C8A51EC10A8900666BDF /* CitySequencerVC.swift in Sources */,
				EC5B3FA51EB0E31100410BD2 /* FirebaseManager.swift in Sources */,
				EC5B3FAF1EB0EEB100410BD2 /* LoginNavC.swift in Sources */,
				EC5B3FBC1EB10A9000410BD2 /* BlipBloopView.swift in Sources */,
				EC05C7671EA463A20031864A /* Note.swift in Sources */,
				EC4472111EC27757009EB271 /* BlipButton.swift in Sources */,
				ECA6D4A71EB914AB008A027B /* ScoreIndex.swift in Sources */,
				EC5B3FB11EB0EF9500410BD2 /* LoginView.swift in Sources */,
				EC5B3FA71EB0E81100410BD2 /* AppController.swift in Sources */,
				EC4BD2171EA2D2CB0076B4D0 /* UIColorExtenstion.swift in Sources */,
				EC74C8AB1EC1228E00666BDF /* LightTrigger.swift in Sources */,
				EC9028B41EC398B100027FCE /* ForgotPasswordView.swift in Sources */,
				ECF32BB61EC3F17900135EEB /* ResetNavController.swift in Sources */,
				EC5B3FB51EB0FF6300410BD2 /* CreateUserView.swift in Sources */,
				EC5B3FA11EB0E04E00410BD2 /* FirebaseResponse.swift in Sources */,
				EC5B3FAB1EB0E9E000410BD2 /* DashboardVC.swift in Sources */,
				ECF32BB41EC3EAE500135EEB /* BlipTextField.swift in Sources */,
				EC4BD1DD1EA29ECC0076B4D0 /* AppDelegate.swift in Sources */,
				EC44720F1EC27673009EB271 /* BlipLabel.swift in Sources */,
				EC5B3FAD1EB0EDFE00410BD2 /* DashboardNavC.swift in Sources */,
				EC5B3FA31EB0E25000410BD2 /* BlipUser.swift in Sources */,
				ECF32BC01EC500ED00135EEB /* CreditsVC.swift in Sources */,
				ECAE16F01EA6FD210013696C /* KeyboardView.swift in Sources */,
				EC5B3FBE1EB13A6700410BD2 /* UIVCExtension.swift in Sources */,
				EC9028B61EC398D000027FCE /* ForgotPasswordVC.swift in Sources */,
				EC7C14681EB780FF009FACDA /* SequencerMode.swift in Sources */,
				EC4BD2101EA2A6B40076B4D0 /* PadView.swift in Sources */,
				EC5B3FB31EB0FF3800410BD2 /* CreateUserVC.swift in Sources */,
				ECB181681EB245BD0025F017 /* LocalPeerView.swift in Sources */,
				ECB181661EB2424E0025F017 /* MultipeerManager.swift in Sources */,
				EC7C14661EB67D52009FACDA /* BlipUserCell.swift in Sources */,
				EC74C8A31EC1088B00666BDF /* PartySequencerVC.swift in Sources */,
				EC05C7651EA460400031864A /* Beat.swift in Sources */,
				EC7FEDF01EAE65D500E50A62 /* NoteButton.swift in Sources */,
				ECF32BBC1EC4E82B00135EEB /* UserAlert.swift in Sources */,
			);
			runOnlyForDeploymentPostprocessing = 0;
		};
		EC4BD1E91EA29ECC0076B4D0 /* Sources */ = {
			isa = PBXSourcesBuildPhase;
			buildActionMask = 2147483647;
			files = (
				EC4BD1F21EA29ECC0076B4D0 /* InThreeTests.swift in Sources */,
			);
			runOnlyForDeploymentPostprocessing = 0;
		};
		EC4BD1F41EA29ECC0076B4D0 /* Sources */ = {
			isa = PBXSourcesBuildPhase;
			buildActionMask = 2147483647;
			files = (
				EC4BD1FD1EA29ECC0076B4D0 /* InThreeUITests.swift in Sources */,
			);
			runOnlyForDeploymentPostprocessing = 0;
		};
/* End PBXSourcesBuildPhase section */

/* Begin PBXTargetDependency section */
		EC4BD1EF1EA29ECC0076B4D0 /* PBXTargetDependency */ = {
			isa = PBXTargetDependency;
			target = EC4BD1D81EA29ECC0076B4D0 /* InThree */;
			targetProxy = EC4BD1EE1EA29ECC0076B4D0 /* PBXContainerItemProxy */;
		};
		EC4BD1FA1EA29ECC0076B4D0 /* PBXTargetDependency */ = {
			isa = PBXTargetDependency;
			target = EC4BD1D81EA29ECC0076B4D0 /* InThree */;
			targetProxy = EC4BD1F91EA29ECC0076B4D0 /* PBXContainerItemProxy */;
		};
/* End PBXTargetDependency section */

/* Begin PBXVariantGroup section */
		EC4BD1E51EA29ECC0076B4D0 /* LaunchScreen.storyboard */ = {
			isa = PBXVariantGroup;
			children = (
				EC4BD1E61EA29ECC0076B4D0 /* Base */,
			);
			name = LaunchScreen.storyboard;
			sourceTree = "<group>";
		};
/* End PBXVariantGroup section */

/* Begin XCBuildConfiguration section */
		EC4BD1FF1EA29ECC0076B4D0 /* Debug */ = {
			isa = XCBuildConfiguration;
			buildSettings = {
				ALWAYS_SEARCH_USER_PATHS = NO;
				CLANG_ANALYZER_NONNULL = YES;
				CLANG_ANALYZER_NUMBER_OBJECT_CONVERSION = YES_AGGRESSIVE;
				CLANG_CXX_LANGUAGE_STANDARD = "gnu++0x";
				CLANG_CXX_LIBRARY = "libc++";
				CLANG_ENABLE_MODULES = YES;
				CLANG_ENABLE_OBJC_ARC = YES;
				CLANG_WARN_BOOL_CONVERSION = YES;
				CLANG_WARN_CONSTANT_CONVERSION = YES;
				CLANG_WARN_DIRECT_OBJC_ISA_USAGE = YES_ERROR;
				CLANG_WARN_DOCUMENTATION_COMMENTS = YES;
				CLANG_WARN_EMPTY_BODY = YES;
				CLANG_WARN_ENUM_CONVERSION = YES;
				CLANG_WARN_INFINITE_RECURSION = YES;
				CLANG_WARN_INT_CONVERSION = YES;
				CLANG_WARN_OBJC_ROOT_CLASS = YES_ERROR;
				CLANG_WARN_SUSPICIOUS_MOVE = YES;
				CLANG_WARN_UNREACHABLE_CODE = YES;
				CLANG_WARN__DUPLICATE_METHOD_MATCH = YES;
				"CODE_SIGN_IDENTITY[sdk=iphoneos*]" = "iPhone Developer";
				COPY_PHASE_STRIP = NO;
				DEBUG_INFORMATION_FORMAT = dwarf;
				ENABLE_STRICT_OBJC_MSGSEND = YES;
				ENABLE_TESTABILITY = YES;
				GCC_C_LANGUAGE_STANDARD = gnu99;
				GCC_DYNAMIC_NO_PIC = NO;
				GCC_NO_COMMON_BLOCKS = YES;
				GCC_OPTIMIZATION_LEVEL = 0;
				GCC_PREPROCESSOR_DEFINITIONS = (
					"DEBUG=1",
					"$(inherited)",
				);
				GCC_WARN_64_TO_32_BIT_CONVERSION = YES;
				GCC_WARN_ABOUT_RETURN_TYPE = YES_ERROR;
				GCC_WARN_UNDECLARED_SELECTOR = YES;
				GCC_WARN_UNINITIALIZED_AUTOS = YES_AGGRESSIVE;
				GCC_WARN_UNUSED_FUNCTION = YES;
				GCC_WARN_UNUSED_VARIABLE = YES;
				IPHONEOS_DEPLOYMENT_TARGET = 10.3;
				MTL_ENABLE_DEBUG_INFO = YES;
				ONLY_ACTIVE_ARCH = YES;
				SDKROOT = iphoneos;
				SWIFT_ACTIVE_COMPILATION_CONDITIONS = DEBUG;
				SWIFT_OPTIMIZATION_LEVEL = "-Onone";
				TARGETED_DEVICE_FAMILY = "1,2";
			};
			name = Debug;
		};
		EC4BD2001EA29ECC0076B4D0 /* Release */ = {
			isa = XCBuildConfiguration;
			buildSettings = {
				ALWAYS_SEARCH_USER_PATHS = NO;
				CLANG_ANALYZER_NONNULL = YES;
				CLANG_ANALYZER_NUMBER_OBJECT_CONVERSION = YES_AGGRESSIVE;
				CLANG_CXX_LANGUAGE_STANDARD = "gnu++0x";
				CLANG_CXX_LIBRARY = "libc++";
				CLANG_ENABLE_MODULES = YES;
				CLANG_ENABLE_OBJC_ARC = YES;
				CLANG_WARN_BOOL_CONVERSION = YES;
				CLANG_WARN_CONSTANT_CONVERSION = YES;
				CLANG_WARN_DIRECT_OBJC_ISA_USAGE = YES_ERROR;
				CLANG_WARN_DOCUMENTATION_COMMENTS = YES;
				CLANG_WARN_EMPTY_BODY = YES;
				CLANG_WARN_ENUM_CONVERSION = YES;
				CLANG_WARN_INFINITE_RECURSION = YES;
				CLANG_WARN_INT_CONVERSION = YES;
				CLANG_WARN_OBJC_ROOT_CLASS = YES_ERROR;
				CLANG_WARN_SUSPICIOUS_MOVE = YES;
				CLANG_WARN_UNREACHABLE_CODE = YES;
				CLANG_WARN__DUPLICATE_METHOD_MATCH = YES;
				"CODE_SIGN_IDENTITY[sdk=iphoneos*]" = "iPhone Developer";
				COPY_PHASE_STRIP = NO;
				DEBUG_INFORMATION_FORMAT = "dwarf-with-dsym";
				ENABLE_NS_ASSERTIONS = NO;
				ENABLE_STRICT_OBJC_MSGSEND = YES;
				GCC_C_LANGUAGE_STANDARD = gnu99;
				GCC_NO_COMMON_BLOCKS = YES;
				GCC_WARN_64_TO_32_BIT_CONVERSION = YES;
				GCC_WARN_ABOUT_RETURN_TYPE = YES_ERROR;
				GCC_WARN_UNDECLARED_SELECTOR = YES;
				GCC_WARN_UNINITIALIZED_AUTOS = YES_AGGRESSIVE;
				GCC_WARN_UNUSED_FUNCTION = YES;
				GCC_WARN_UNUSED_VARIABLE = YES;
				IPHONEOS_DEPLOYMENT_TARGET = 10.3;
				MTL_ENABLE_DEBUG_INFO = NO;
				SDKROOT = iphoneos;
				SWIFT_OPTIMIZATION_LEVEL = "-Owholemodule";
				TARGETED_DEVICE_FAMILY = "1,2";
				VALIDATE_PRODUCT = YES;
			};
			name = Release;
		};
		EC4BD2021EA29ECC0076B4D0 /* Debug */ = {
			isa = XCBuildConfiguration;
			baseConfigurationReference = 011834F4BC10F4394CB16CD4 /* Pods-InThree.debug.xcconfig */;
			buildSettings = {
				ASSETCATALOG_COMPILER_APPICON_NAME = AppIcon;
				"CODE_SIGN_IDENTITY[sdk=iphoneos*]" = "iPhone Developer";
				DEVELOPMENT_TEAM = 992D98C4QP;
				INFOPLIST_FILE = InThree/Info.plist;
				LD_RUNPATH_SEARCH_PATHS = "$(inherited) @executable_path/Frameworks";
				PRODUCT_BUNDLE_IDENTIFIER = com.SweetPea.BlipBloop;
				PRODUCT_NAME = "$(TARGET_NAME)";
				PROVISIONING_PROFILE_SPECIFIER = "";
				SWIFT_VERSION = 3.0;
				TARGETED_DEVICE_FAMILY = 1;
			};
			name = Debug;
		};
		EC4BD2031EA29ECC0076B4D0 /* Release */ = {
			isa = XCBuildConfiguration;
			baseConfigurationReference = 8B88105CFF9CE7743CD2B4A2 /* Pods-InThree.release.xcconfig */;
			buildSettings = {
				ASSETCATALOG_COMPILER_APPICON_NAME = AppIcon;
				"CODE_SIGN_IDENTITY[sdk=iphoneos*]" = "iPhone Developer";
				DEVELOPMENT_TEAM = 992D98C4QP;
				INFOPLIST_FILE = InThree/Info.plist;
				LD_RUNPATH_SEARCH_PATHS = "$(inherited) @executable_path/Frameworks";
				PRODUCT_BUNDLE_IDENTIFIER = com.SweetPea.BlipBloop;
				PRODUCT_NAME = "$(TARGET_NAME)";
				PROVISIONING_PROFILE_SPECIFIER = "";
				SWIFT_VERSION = 3.0;
				TARGETED_DEVICE_FAMILY = 1;
			};
			name = Release;
		};
		EC4BD2051EA29ECC0076B4D0 /* Debug */ = {
			isa = XCBuildConfiguration;
			baseConfigurationReference = 836C8A8BA22A2126A7269DAC /* Pods-InThreeTests.debug.xcconfig */;
			buildSettings = {
				ALWAYS_EMBED_SWIFT_STANDARD_LIBRARIES = YES;
				BUNDLE_LOADER = "$(TEST_HOST)";
				DEVELOPMENT_TEAM = 7994H36MAA;
				INFOPLIST_FILE = InThreeTests/Info.plist;
				LD_RUNPATH_SEARCH_PATHS = "$(inherited) @executable_path/Frameworks @loader_path/Frameworks";
				PRODUCT_BUNDLE_IDENTIFIER = SweetPea.InThreeTests;
				PRODUCT_NAME = "$(TARGET_NAME)";
				SWIFT_VERSION = 3.0;
				TEST_HOST = "$(BUILT_PRODUCTS_DIR)/InThree.app/InThree";
			};
			name = Debug;
		};
		EC4BD2061EA29ECC0076B4D0 /* Release */ = {
			isa = XCBuildConfiguration;
			baseConfigurationReference = 4BB661215232E43DA9F74F16 /* Pods-InThreeTests.release.xcconfig */;
			buildSettings = {
				ALWAYS_EMBED_SWIFT_STANDARD_LIBRARIES = YES;
				BUNDLE_LOADER = "$(TEST_HOST)";
				DEVELOPMENT_TEAM = 7994H36MAA;
				INFOPLIST_FILE = InThreeTests/Info.plist;
				LD_RUNPATH_SEARCH_PATHS = "$(inherited) @executable_path/Frameworks @loader_path/Frameworks";
				PRODUCT_BUNDLE_IDENTIFIER = SweetPea.InThreeTests;
				PRODUCT_NAME = "$(TARGET_NAME)";
				SWIFT_VERSION = 3.0;
				TEST_HOST = "$(BUILT_PRODUCTS_DIR)/InThree.app/InThree";
			};
			name = Release;
		};
		EC4BD2081EA29ECC0076B4D0 /* Debug */ = {
			isa = XCBuildConfiguration;
			baseConfigurationReference = A93D6BBCB77B4EB942C6C5AA /* Pods-InThreeUITests.debug.xcconfig */;
			buildSettings = {
				ALWAYS_EMBED_SWIFT_STANDARD_LIBRARIES = YES;
				DEVELOPMENT_TEAM = 7994H36MAA;
				INFOPLIST_FILE = InThreeUITests/Info.plist;
				LD_RUNPATH_SEARCH_PATHS = "$(inherited) @executable_path/Frameworks @loader_path/Frameworks";
				PRODUCT_BUNDLE_IDENTIFIER = SweetPea.InThreeUITests;
				PRODUCT_NAME = "$(TARGET_NAME)";
				SWIFT_VERSION = 3.0;
				TEST_TARGET_NAME = InThree;
			};
			name = Debug;
		};
		EC4BD2091EA29ECC0076B4D0 /* Release */ = {
			isa = XCBuildConfiguration;
			baseConfigurationReference = A47430E65E87CB7FF8743491 /* Pods-InThreeUITests.release.xcconfig */;
			buildSettings = {
				ALWAYS_EMBED_SWIFT_STANDARD_LIBRARIES = YES;
				DEVELOPMENT_TEAM = 7994H36MAA;
				INFOPLIST_FILE = InThreeUITests/Info.plist;
				LD_RUNPATH_SEARCH_PATHS = "$(inherited) @executable_path/Frameworks @loader_path/Frameworks";
				PRODUCT_BUNDLE_IDENTIFIER = SweetPea.InThreeUITests;
				PRODUCT_NAME = "$(TARGET_NAME)";
				SWIFT_VERSION = 3.0;
				TEST_TARGET_NAME = InThree;
			};
			name = Release;
		};
/* End XCBuildConfiguration section */

/* Begin XCConfigurationList section */
		EC4BD1D41EA29ECC0076B4D0 /* Build configuration list for PBXProject "InThree" */ = {
			isa = XCConfigurationList;
			buildConfigurations = (
				EC4BD1FF1EA29ECC0076B4D0 /* Debug */,
				EC4BD2001EA29ECC0076B4D0 /* Release */,
			);
			defaultConfigurationIsVisible = 0;
			defaultConfigurationName = Release;
		};
		EC4BD2011EA29ECC0076B4D0 /* Build configuration list for PBXNativeTarget "InThree" */ = {
			isa = XCConfigurationList;
			buildConfigurations = (
				EC4BD2021EA29ECC0076B4D0 /* Debug */,
				EC4BD2031EA29ECC0076B4D0 /* Release */,
			);
			defaultConfigurationIsVisible = 0;
			defaultConfigurationName = Release;
		};
		EC4BD2041EA29ECC0076B4D0 /* Build configuration list for PBXNativeTarget "InThreeTests" */ = {
			isa = XCConfigurationList;
			buildConfigurations = (
				EC4BD2051EA29ECC0076B4D0 /* Debug */,
				EC4BD2061EA29ECC0076B4D0 /* Release */,
			);
			defaultConfigurationIsVisible = 0;
			defaultConfigurationName = Release;
		};
		EC4BD2071EA29ECC0076B4D0 /* Build configuration list for PBXNativeTarget "InThreeUITests" */ = {
			isa = XCConfigurationList;
			buildConfigurations = (
				EC4BD2081EA29ECC0076B4D0 /* Debug */,
				EC4BD2091EA29ECC0076B4D0 /* Release */,
			);
			defaultConfigurationIsVisible = 0;
			defaultConfigurationName = Release;
		};
/* End XCConfigurationList section */
	};
	rootObject = EC4BD1D11EA29ECC0076B4D0 /* Project object */;
}
